// !$*UTF8*$!
{
	archiveVersion = 1;
	classes = {
	};
	objectVersion = 46;
	objects = {

/* Begin PBXBuildFile section */
		47F1F6581E666FC000AEC648 /* AppDelegate.swift in Sources */ = {isa = PBXBuildFile; fileRef = 47F1F6571E666FC000AEC648 /* AppDelegate.swift */; };
		47F1F65A1E666FC000AEC648 /* ViewController.swift in Sources */ = {isa = PBXBuildFile; fileRef = 47F1F6591E666FC000AEC648 /* ViewController.swift */; };
		47F1F65D1E666FC000AEC648 /* Main.storyboard in Resources */ = {isa = PBXBuildFile; fileRef = 47F1F65B1E666FC000AEC648 /* Main.storyboard */; };
		47F1F6601E666FC000AEC648 /* WishList.xcdatamodeld in Sources */ = {isa = PBXBuildFile; fileRef = 47F1F65E1E666FC000AEC648 /* WishList.xcdatamodeld */; };
		47F1F6621E666FC000AEC648 /* Assets.xcassets in Resources */ = {isa = PBXBuildFile; fileRef = 47F1F6611E666FC000AEC648 /* Assets.xcassets */; };
		47F1F6651E666FC000AEC648 /* LaunchScreen.storyboard in Resources */ = {isa = PBXBuildFile; fileRef = 47F1F6631E666FC000AEC648 /* LaunchScreen.storyboard */; };
		47F1F6701E666FC000AEC648 /* WishListTests.swift in Sources */ = {isa = PBXBuildFile; fileRef = 47F1F66F1E666FC000AEC648 /* WishListTests.swift */; };
/* End PBXBuildFile section */

/* Begin PBXContainerItemProxy section */
		47F1F66C1E666FC000AEC648 /* PBXContainerItemProxy */ = {
			isa = PBXContainerItemProxy;
			containerPortal = 47F1F64C1E666FC000AEC648 /* Project object */;
			proxyType = 1;
			remoteGlobalIDString = 47F1F6531E666FC000AEC648;
			remoteInfo = WishList;
		};
/* End PBXContainerItemProxy section */

/* Begin PBXFileReference section */
		47F1F6541E666FC000AEC648 /* WishList.app */ = {isa = PBXFileReference; explicitFileType = wrapper.application; includeInIndex = 0; path = WishList.app; sourceTree = BUILT_PRODUCTS_DIR; };
		47F1F6571E666FC000AEC648 /* AppDelegate.swift */ = {isa = PBXFileReference; lastKnownFileType = sourcecode.swift; path = AppDelegate.swift; sourceTree = "<group>"; };
		47F1F6591E666FC000AEC648 /* ViewController.swift */ = {isa = PBXFileReference; lastKnownFileType = sourcecode.swift; path = ViewController.swift; sourceTree = "<group>"; };
		47F1F65C1E666FC000AEC648 /* Base */ = {isa = PBXFileReference; lastKnownFileType = file.storyboard; name = Base; path = Base.lproj/Main.storyboard; sourceTree = "<group>"; };
		47F1F65F1E666FC000AEC648 /* WishList.xcdatamodel */ = {isa = PBXFileReference; lastKnownFileType = wrapper.xcdatamodel; path = WishList.xcdatamodel; sourceTree = "<group>"; };
		47F1F6611E666FC000AEC648 /* Assets.xcassets */ = {isa = PBXFileReference; lastKnownFileType = folder.assetcatalog; path = Assets.xcassets; sourceTree = "<group>"; };
		47F1F6641E666FC000AEC648 /* Base */ = {isa = PBXFileReference; lastKnownFileType = file.storyboard; name = Base; path = Base.lproj/LaunchScreen.storyboard; sourceTree = "<group>"; };
		47F1F6661E666FC000AEC648 /* Info.plist */ = {isa = PBXFileReference; lastKnownFileType = text.plist.xml; path = Info.plist; sourceTree = "<group>"; };
		47F1F66B1E666FC000AEC648 /* WishListTests.xctest */ = {isa = PBXFileReference; explicitFileType = wrapper.cfbundle; includeInIndex = 0; path = WishListTests.xctest; sourceTree = BUILT_PRODUCTS_DIR; };
		47F1F66F1E666FC000AEC648 /* WishListTests.swift */ = {isa = PBXFileReference; lastKnownFileType = sourcecode.swift; path = WishListTests.swift; sourceTree = "<group>"; };
		47F1F6711E666FC000AEC648 /* Info.plist */ = {isa = PBXFileReference; lastKnownFileType = text.plist.xml; path = Info.plist; sourceTree = "<group>"; };
/* End PBXFileReference section */

/* Begin PBXFrameworksBuildPhase section */
		47F1F6511E666FC000AEC648 /* Frameworks */ = {
			isa = PBXFrameworksBuildPhase;
			buildActionMask = 2147483647;
			files = (
			);
			runOnlyForDeploymentPostprocessing = 0;
		};
		47F1F6681E666FC000AEC648 /* Frameworks */ = {
			isa = PBXFrameworksBuildPhase;
			buildActionMask = 2147483647;
			files = (
			);
			runOnlyForDeploymentPostprocessing = 0;
		};
/* End PBXFrameworksBuildPhase section */

/* Begin PBXGroup section */
		47F1F64B1E666FC000AEC648 = {
			isa = PBXGroup;
			children = (
				47F1F6561E666FC000AEC648 /* WishList */,
				47F1F66E1E666FC000AEC648 /* WishListTests */,
				47F1F6551E666FC000AEC648 /* Products */,
			);
			sourceTree = "<group>";
		};
		47F1F6551E666FC000AEC648 /* Products */ = {
			isa = PBXGroup;
			children = (
				47F1F6541E666FC000AEC648 /* WishList.app */,
				47F1F66B1E666FC000AEC648 /* WishListTests.xctest */,
			);
			name = Products;
			sourceTree = "<group>";
		};
		47F1F6561E666FC000AEC648 /* WishList */ = {
			isa = PBXGroup;
			children = (
				47F1F6571E666FC000AEC648 /* AppDelegate.swift */,
				47F1F6591E666FC000AEC648 /* ViewController.swift */,
				47F1F65B1E666FC000AEC648 /* Main.storyboard */,
				47F1F6611E666FC000AEC648 /* Assets.xcassets */,
				47F1F6631E666FC000AEC648 /* LaunchScreen.storyboard */,
				47F1F6661E666FC000AEC648 /* Info.plist */,
				47F1F65E1E666FC000AEC648 /* WishList.xcdatamodeld */,
			);
			path = WishList;
			sourceTree = "<group>";
		};
		47F1F66E1E666FC000AEC648 /* WishListTests */ = {
			isa = PBXGroup;
			children = (
				47F1F66F1E666FC000AEC648 /* WishListTests.swift */,
				47F1F6711E666FC000AEC648 /* Info.plist */,
			);
			path = WishListTests;
			sourceTree = "<group>";
		};
/* End PBXGroup section */

/* Begin PBXNativeTarget section */
		47F1F6531E666FC000AEC648 /* WishList */ = {
			isa = PBXNativeTarget;
			buildConfigurationList = 47F1F6741E666FC000AEC648 /* Build configuration list for PBXNativeTarget "WishList" */;
			buildPhases = (
				47F1F6501E666FC000AEC648 /* Sources */,
				47F1F6511E666FC000AEC648 /* Frameworks */,
				47F1F6521E666FC000AEC648 /* Resources */,
			);
			buildRules = (
			);
			dependencies = (
			);
			name = WishList;
			productName = WishList;
			productReference = 47F1F6541E666FC000AEC648 /* WishList.app */;
			productType = "com.apple.product-type.application";
		};
		47F1F66A1E666FC000AEC648 /* WishListTests */ = {
			isa = PBXNativeTarget;
			buildConfigurationList = 47F1F6771E666FC000AEC648 /* Build configuration list for PBXNativeTarget "WishListTests" */;
			buildPhases = (
				47F1F6671E666FC000AEC648 /* Sources */,
				47F1F6681E666FC000AEC648 /* Frameworks */,
				47F1F6691E666FC000AEC648 /* Resources */,
			);
			buildRules = (
			);
			dependencies = (
				47F1F66D1E666FC000AEC648 /* PBXTargetDependency */,
			);
			name = WishListTests;
			productName = WishListTests;
			productReference = 47F1F66B1E666FC000AEC648 /* WishListTests.xctest */;
			productType = "com.apple.product-type.bundle.unit-test";
		};
/* End PBXNativeTarget section */

/* Begin PBXProject section */
		47F1F64C1E666FC000AEC648 /* Project object */ = {
			isa = PBXProject;
			attributes = {
				LastSwiftUpdateCheck = 0820;
				LastUpgradeCheck = 0820;
				ORGANIZATIONNAME = "James Meli";
				TargetAttributes = {
					47F1F6531E666FC000AEC648 = {
						CreatedOnToolsVersion = 8.2.1;
						DevelopmentTeam = 5J74DQGRW3;
						ProvisioningStyle = Automatic;
					};
					47F1F66A1E666FC000AEC648 = {
						CreatedOnToolsVersion = 8.2.1;
						DevelopmentTeam = 5J74DQGRW3;
						ProvisioningStyle = Automatic;
						TestTargetID = 47F1F6531E666FC000AEC648;
					};
				};
			};
			buildConfigurationList = 47F1F64F1E666FC000AEC648 /* Build configuration list for PBXProject "WishList" */;
			compatibilityVersion = "Xcode 3.2";
			developmentRegion = English;
			hasScannedForEncodings = 0;
			knownRegions = (
				en,
				Base,
			);
			mainGroup = 47F1F64B1E666FC000AEC648;
			productRefGroup = 47F1F6551E666FC000AEC648 /* Products */;
			projectDirPath = "";
			projectRoot = "";
			targets = (
				47F1F6531E666FC000AEC648 /* WishList */,
				47F1F66A1E666FC000AEC648 /* WishListTests */,
			);
		};
/* End PBXProject section */

/* Begin PBXResourcesBuildPhase section */
		47F1F6521E666FC000AEC648 /* Resources */ = {
			isa = PBXResourcesBuildPhase;
			buildActionMask = 2147483647;
			files = (
				47F1F6651E666FC000AEC648 /* LaunchScreen.storyboard in Resources */,
				47F1F6621E666FC000AEC648 /* Assets.xcassets in Resources */,
				47F1F65D1E666FC000AEC648 /* Main.storyboard in Resources */,
			);
			runOnlyForDeploymentPostprocessing = 0;
		};
		47F1F6691E666FC000AEC648 /* Resources */ = {
			isa = PBXResourcesBuildPhase;
			buildActionMask = 2147483647;
			files = (
			);
			runOnlyForDeploymentPostprocessing = 0;
		};
/* End PBXResourcesBuildPhase section */

/* Begin PBXSourcesBuildPhase section */
		47F1F6501E666FC000AEC648 /* Sources */ = {
			isa = PBXSourcesBuildPhase;
			buildActionMask = 2147483647;
			files = (
				47F1F65A1E666FC000AEC648 /* ViewController.swift in Sources */,
				47F1F6581E666FC000AEC648 /* AppDelegate.swift in Sources */,
				47F1F6601E666FC000AEC648 /* WishList.xcdatamodeld in Sources */,
			);
			runOnlyForDeploymentPostprocessing = 0;
		};
		47F1F6671E666FC000AEC648 /* Sources */ = {
			isa = PBXSourcesBuildPhase;
			buildActionMask = 2147483647;
			files = (
				47F1F6701E666FC000AEC648 /* WishListTests.swift in Sources */,
			);
			runOnlyForDeploymentPostprocessing = 0;
		};
/* End PBXSourcesBuildPhase section */

/* Begin PBXTargetDependency section */
		47F1F66D1E666FC000AEC648 /* PBXTargetDependency */ = {
			isa = PBXTargetDependency;
			target = 47F1F6531E666FC000AEC648 /* WishList */;
			targetProxy = 47F1F66C1E666FC000AEC648 /* PBXContainerItemProxy */;
		};
/* End PBXTargetDependency section */

/* Begin PBXVariantGroup section */
		47F1F65B1E666FC000AEC648 /* Main.storyboard */ = {
			isa = PBXVariantGroup;
			children = (
				47F1F65C1E666FC000AEC648 /* Base */,
			);
			name = Main.storyboard;
			sourceTree = "<group>";
		};
		47F1F6631E666FC000AEC648 /* LaunchScreen.storyboard */ = {
			isa = PBXVariantGroup;
			children = (
				47F1F6641E666FC000AEC648 /* Base */,
			);
			name = LaunchScreen.storyboard;
			sourceTree = "<group>";
		};
/* End PBXVariantGroup section */

/* Begin XCBuildConfiguration section */
		47F1F6721E666FC000AEC648 /* Debug */ = {
			isa = XCBuildConfiguration;
			buildSettings = {
				ALWAYS_SEARCH_USER_PATHS = NO;
				CLANG_ANALYZER_NONNULL = YES;
				CLANG_CXX_LANGUAGE_STANDARD = "gnu++0x";
				CLANG_CXX_LIBRARY = "libc++";
				CLANG_ENABLE_MODULES = YES;
				CLANG_ENABLE_OBJC_ARC = YES;
				CLANG_WARN_BOOL_CONVERSION = YES;
				CLANG_WARN_CONSTANT_CONVERSION = YES;
				CLANG_WARN_DIRECT_OBJC_ISA_USAGE = YES_ERROR;
				CLANG_WARN_DOCUMENTATION_COMMENTS = YES;
				CLANG_WARN_EMPTY_BODY = YES;
				CLANG_WARN_ENUM_CONVERSION = YES;
				CLANG_WARN_INFINITE_RECURSION = YES;
				CLANG_WARN_INT_CONVERSION = YES;
				CLANG_WARN_OBJC_ROOT_CLASS = YES_ERROR;
				CLANG_WARN_SUSPICIOUS_MOVE = YES;
				CLANG_WARN_UNREACHABLE_CODE = YES;
				CLANG_WARN__DUPLICATE_METHOD_MATCH = YES;
				"CODE_SIGN_IDENTITY[sdk=iphoneos*]" = "iPhone Developer";
				COPY_PHASE_STRIP = NO;
				DEBUG_INFORMATION_FORMAT = dwarf;
				ENABLE_STRICT_OBJC_MSGSEND = YES;
				ENABLE_TESTABILITY = YES;
				GCC_C_LANGUAGE_STANDARD = gnu99;
				GCC_DYNAMIC_NO_PIC = NO;
				GCC_NO_COMMON_BLOCKS = YES;
				GCC_OPTIMIZATION_LEVEL = 0;
				GCC_PREPROCESSOR_DEFINITIONS = (
					"DEBUG=1",
					"$(inherited)",
				);
				GCC_WARN_64_TO_32_BIT_CONVERSION = YES;
				GCC_WARN_ABOUT_RETURN_TYPE = YES_ERROR;
				GCC_WARN_UNDECLARED_SELECTOR = YES;
				GCC_WARN_UNINITIALIZED_AUTOS = YES_AGGRESSIVE;
				GCC_WARN_UNUSED_FUNCTION = YES;
				GCC_WARN_UNUSED_VARIABLE = YES;
				IPHONEOS_DEPLOYMENT_TARGET = 10.2;
				MTL_ENABLE_DEBUG_INFO = YES;
				ONLY_ACTIVE_ARCH = YES;
				SDKROOT = iphoneos;
				SWIFT_ACTIVE_COMPILATION_CONDITIONS = DEBUG;
				SWIFT_OPTIMIZATION_LEVEL = "-Onone";
				TARGETED_DEVICE_FAMILY = "1,2";
			};
			name = Debug;
		};
		47F1F6731E666FC000AEC648 /* Release */ = {
			isa = XCBuildConfiguration;
			buildSettings = {
				ALWAYS_SEARCH_USER_PATHS = NO;
				CLANG_ANALYZER_NONNULL = YES;
				CLANG_CXX_LANGUAGE_STANDARD = "gnu++0x";
				CLANG_CXX_LIBRARY = "libc++";
				CLANG_ENABLE_MODULES = YES;
				CLANG_ENABLE_OBJC_ARC = YES;
				CLANG_WARN_BOOL_CONVERSION = YES;
				CLANG_WARN_CONSTANT_CONVERSION = YES;
				CLANG_WARN_DIRECT_OBJC_ISA_USAGE = YES_ERROR;
				CLANG_WARN_DOCUMENTATION_COMMENTS = YES;
				CLANG_WARN_EMPTY_BODY = YES;
				CLANG_WARN_ENUM_CONVERSION = YES;
				CLANG_WARN_INFINITE_RECURSION = YES;
				CLANG_WARN_INT_CONVERSION = YES;
				CLANG_WARN_OBJC_ROOT_CLASS = YES_ERROR;
				CLANG_WARN_SUSPICIOUS_MOVE = YES;
				CLANG_WARN_UNREACHABLE_CODE = YES;
				CLANG_WARN__DUPLICATE_METHOD_MATCH = YES;
				"CODE_SIGN_IDENTITY[sdk=iphoneos*]" = "iPhone Developer";
				COPY_PHASE_STRIP = NO;
				DEBUG_INFORMATION_FORMAT = "dwarf-with-dsym";
				ENABLE_NS_ASSERTIONS = NO;
				ENABLE_STRICT_OBJC_MSGSEND = YES;
				GCC_C_LANGUAGE_STANDARD = gnu99;
				GCC_NO_COMMON_BLOCKS = YES;
				GCC_WARN_64_TO_32_BIT_CONVERSION = YES;
				GCC_WARN_ABOUT_RETURN_TYPE = YES_ERROR;
				GCC_WARN_UNDECLARED_SELECTOR = YES;
				GCC_WARN_UNINITIALIZED_AUTOS = YES_AGGRESSIVE;
				GCC_WARN_UNUSED_FUNCTION = YES;
				GCC_WARN_UNUSED_VARIABLE = YES;
				IPHONEOS_DEPLOYMENT_TARGET = 10.2;
				MTL_ENABLE_DEBUG_INFO = NO;
				SDKROOT = iphoneos;
				SWIFT_OPTIMIZATION_LEVEL = "-Owholemodule";
				TARGETED_DEVICE_FAMILY = "1,2";
				VALIDATE_PRODUCT = YES;
			};
			name = Release;
		};
		47F1F6751E666FC000AEC648 /* Debug */ = {
			isa = XCBuildConfiguration;
			buildSettings = {
				ASSETCATALOG_COMPILER_APPICON_NAME = AppIcon;
				DEVELOPMENT_TEAM = 5J74DQGRW3;
				INFOPLIST_FILE = WishList/Info.plist;
				LD_RUNPATH_SEARCH_PATHS = "$(inherited) @executable_path/Frameworks";
				PRODUCT_BUNDLE_IDENTIFIER = com.example.WishList;
				PRODUCT_NAME = "$(TARGET_NAME)";
				SWIFT_VERSION = 3.0;
			};
			name = Debug;
		};
		47F1F6761E666FC000AEC648 /* Release */ = {
			isa = XCBuildConfiguration;
			buildSettings = {
				ASSETCATALOG_COMPILER_APPICON_NAME = AppIcon;
				DEVELOPMENT_TEAM = 5J74DQGRW3;
				INFOPLIST_FILE = WishList/Info.plist;
				LD_RUNPATH_SEARCH_PATHS = "$(inherited) @executable_path/Frameworks";
				PRODUCT_BUNDLE_IDENTIFIER = com.example.WishList;
				PRODUCT_NAME = "$(TARGET_NAME)";
				SWIFT_VERSION = 3.0;
			};
			name = Release;
		};
		47F1F6781E666FC000AEC648 /* Debug */ = {
			isa = XCBuildConfiguration;
			buildSettings = {
				ALWAYS_EMBED_SWIFT_STANDARD_LIBRARIES = YES;
				BUNDLE_LOADER = "$(TEST_HOST)";
				DEVELOPMENT_TEAM = 5J74DQGRW3;
				INFOPLIST_FILE = WishListTests/Info.plist;
				LD_RUNPATH_SEARCH_PATHS = "$(inherited) @executable_path/Frameworks @loader_path/Frameworks";
				PRODUCT_BUNDLE_IDENTIFIER = com.example.WishListTests;
				PRODUCT_NAME = "$(TARGET_NAME)";
				SWIFT_VERSION = 3.0;
				TEST_HOST = "$(BUILT_PRODUCTS_DIR)/WishList.app/WishList";
			};
			name = Debug;
		};
		47F1F6791E666FC000AEC648 /* Release */ = {
			isa = XCBuildConfiguration;
			buildSettings = {
				ALWAYS_EMBED_SWIFT_STANDARD_LIBRARIES = YES;
				BUNDLE_LOADER = "$(TEST_HOST)";
				DEVELOPMENT_TEAM = 5J74DQGRW3;
				INFOPLIST_FILE = WishListTests/Info.plist;
				LD_RUNPATH_SEARCH_PATHS = "$(inherited) @executable_path/Frameworks @loader_path/Frameworks";
				PRODUCT_BUNDLE_IDENTIFIER = com.example.WishListTests;
				PRODUCT_NAME = "$(TARGET_NAME)";
				SWIFT_VERSION = 3.0;
				TEST_HOST = "$(BUILT_PRODUCTS_DIR)/WishList.app/WishList";
			};
			name = Release;
		};
/* End XCBuildConfiguration section */

/* Begin XCConfigurationList section */
		47F1F64F1E666FC000AEC648 /* Build configuration list for PBXProject "WishList" */ = {
			isa = XCConfigurationList;
			buildConfigurations = (
				47F1F6721E666FC000AEC648 /* Debug */,
				47F1F6731E666FC000AEC648 /* Release */,
			);
			defaultConfigurationIsVisible = 0;
			defaultConfigurationName = Release;
		};
		47F1F6741E666FC000AEC648 /* Build configuration list for PBXNativeTarget "WishList" */ = {
			isa = XCConfigurationList;
			buildConfigurations = (
				47F1F6751E666FC000AEC648 /* Debug */,
				47F1F6761E666FC000AEC648 /* Release */,
			);
			defaultConfigurationIsVisible = 0;
		};
		47F1F6771E666FC000AEC648 /* Build configuration list for PBXNativeTarget "WishListTests" */ = {
			isa = XCConfigurationList;
			buildConfigurations = (
				47F1F6781E666FC000AEC648 /* Debug */,
				47F1F6791E666FC000AEC648 /* Release */,
			);
			defaultConfigurationIsVisible = 0;
		};
/* End XCConfigurationList section */

/* Begin XCVersionGroup section */
		47F1F65E1E666FC000AEC648 /* WishList.xcdatamodeld */ = {
			isa = XCVersionGroup;
			children = (
				47F1F65F1E666FC000AEC648 /* WishList.xcdatamodel */,
			);
			currentVersion = 47F1F65F1E666FC000AEC648 /* WishList.xcdatamodel */;
			path = WishList.xcdatamodeld;
			sourceTree = "<group>";
			versionGroupType = wrapper.xcdatamodel;
		};
/* End XCVersionGroup section */
	};
	rootObject = 47F1F64C1E666FC000AEC648 /* Project object */;
}
